
Microsoft Visual Studio Solution File, Format Version 12.00
# Visual Studio Version 16
VisualStudioVersion = 16.0.29230.47
MinimumVisualStudioVersion = 10.0.40219.1
Project("{FAE04EC0-301F-11D3-BF4B-00C04F79EFBC}") = "WebApp1", "WebApp1.csproj", "{A9034086-019A-48D2-9704-B0546665E81F}"
EndProject
Global
	GlobalSection(SolutionConfigurationPlatforms) = preSolution
		Debug|Any CPU = Debug|Any CPU
		Release|Any CPU = Release|Any CPU
	EndGlobalSection
	GlobalSection(ProjectConfigurationPlatforms) = postSolution
		{A9034086-019A-48D2-9704-B0546665E81F}.Debug|Any CPU.ActiveCfg = Debug|Any CPU
		{A9034086-019A-48D2-9704-B0546665E81F}.Debug|Any CPU.Build.0 = Debug|Any CPU
		{A9034086-019A-48D2-9704-B0546665E81F}.Release|Any CPU.ActiveCfg = Release|Any CPU
		{A9034086-019A-48D2-9704-B0546665E81F}.Release|Any CPU.Build.0 = Release|Any CPU
	EndGlobalSection
	GlobalSection(SolutionProperties) = preSolution
		HideSolutionNode = FALSE
	EndGlobalSection
	GlobalSection(ExtensibilityGlobals) = postSolution
		SolutionGuid = {808D27E1-3DA0-4E59-99F9-3F250FEB985B}
	EndGlobalSection
EndGlobal
